
Microsoft Visual Studio Solution File, Format Version 12.00
# Visual Studio Version 17
VisualStudioVersion = 17.13.35825.156 d17.13
MinimumVisualStudioVersion = 10.0.40219.1
Project("{F184B08F-C81C-45F6-A57F-5ABD9991F28F}") = "Student Attendance System Using VBNET", "Student Attendance System Using VBNET\Student Attendance System Using VBNET.vbproj", "{E994383D-558E-4FB6-B611-89F4B3D8D196}"
EndProject
Global
	GlobalSection(SolutionConfigurationPlatforms) = preSolution
		Debug|Any CPU = Debug|Any CPU
		Release|Any CPU = Release|Any CPU
	EndGlobalSection
	GlobalSection(ProjectConfigurationPlatforms) = postSolution
		{E994383D-558E-4FB6-B611-89F4B3D8D196}.Debug|Any CPU.ActiveCfg = Debug|Any CPU
		{E994383D-558E-4FB6-B611-89F4B3D8D196}.Debug|Any CPU.Build.0 = Debug|Any CPU
		{E994383D-558E-4FB6-B611-89F4B3D8D196}.Release|Any CPU.ActiveCfg = Release|Any CPU
		{E994383D-558E-4FB6-B611-89F4B3D8D196}.Release|Any CPU.Build.0 = Release|Any CPU
	EndGlobalSection
	GlobalSection(SolutionProperties) = preSolution
		HideSolutionNode = FALSE
	EndGlobalSection
	GlobalSection(ExtensibilityGlobals) = postSolution
		SolutionGuid = {F10BA080-C6C8-4031-B0D1-CC6EE06DD6B5}
	EndGlobalSection
EndGlobal
